
Microsoft Visual Studio Solution File, Format Version 12.00
# Visual Studio Version 17
VisualStudioVersion = 17.14.36717.8 d17.14
MinimumVisualStudioVersion = 10.0.40219.1
Project("{FAE04EC0-301F-11D3-BF4B-00C04F79EFBC}") = "EStoreFrontEnd", "EStoreFrontEnd\EStoreFrontEnd.csproj", "{8D2CE9CB-4643-4FCE-A197-59E68CD66CE9}"
EndProject
Global
	GlobalSection(SolutionConfigurationPlatforms) = preSolution
		Debug|Any CPU = Debug|Any CPU
		Release|Any CPU = Release|Any CPU
	EndGlobalSection
	GlobalSection(ProjectConfigurationPlatforms) = postSolution
		{8D2CE9CB-4643-4FCE-A197-59E68CD66CE9}.Debug|Any CPU.ActiveCfg = Debug|Any CPU
		{8D2CE9CB-4643-4FCE-A197-59E68CD66CE9}.Debug|Any CPU.Build.0 = Debug|Any CPU
		{8D2CE9CB-4643-4FCE-A197-59E68CD66CE9}.Release|Any CPU.ActiveCfg = Release|Any CPU
		{8D2CE9CB-4643-4FCE-A197-59E68CD66CE9}.Release|Any CPU.Build.0 = Release|Any CPU
	EndGlobalSection
	GlobalSection(SolutionProperties) = preSolution
		HideSolutionNode = FALSE
	EndGlobalSection
	GlobalSection(ExtensibilityGlobals) = postSolution
		SolutionGuid = {E71098AF-FC13-450B-89B0-EC29EA9D77C9}
	EndGlobalSection
EndGlobal
